
Microsoft Visual Studio Solution File, Format Version 12.00
# Visual Studio Version 16
VisualStudioVersion = 16.0.29102.190
MinimumVisualStudioVersion = 10.0.40219.1
Project("{9A19103F-16F7-4668-BE54-9A1E7A4F7556}") = "LearningSiriLog", "LearningSiriLog.csproj", "{B0C19D24-4DA4-4072-BEC7-86AC0BA89E6B}"
EndProject
Project("{E53339B2-1760-4266-BCC7-CA923CBCF16C}") = "docker-compose", "docker-compose.dcproj", "{4159D635-6780-42C0-930D-92D807053DBC}"
EndProject
Global
	GlobalSection(SolutionConfigurationPlatforms) = preSolution
		Debug|Any CPU = Debug|Any CPU
		Release|Any CPU = Release|Any CPU
	EndGlobalSection
	GlobalSection(ProjectConfigurationPlatforms) = postSolution
		{B0C19D24-4DA4-4072-BEC7-86AC0BA89E6B}.Debug|Any CPU.ActiveCfg = Debug|Any CPU
		{B0C19D24-4DA4-4072-BEC7-86AC0BA89E6B}.Debug|Any CPU.Build.0 = Debug|Any CPU
		{B0C19D24-4DA4-4072-BEC7-86AC0BA89E6B}.Release|Any CPU.ActiveCfg = Release|Any CPU
		{B0C19D24-4DA4-4072-BEC7-86AC0BA89E6B}.Release|Any CPU.Build.0 = Release|Any CPU
		{4159D635-6780-42C0-930D-92D807053DBC}.Debug|Any CPU.ActiveCfg = Debug|Any CPU
		{4159D635-6780-42C0-930D-92D807053DBC}.Debug|Any CPU.Build.0 = Debug|Any CPU
		{4159D635-6780-42C0-930D-92D807053DBC}.Release|Any CPU.ActiveCfg = Release|Any CPU
		{4159D635-6780-42C0-930D-92D807053DBC}.Release|Any CPU.Build.0 = Release|Any CPU
	EndGlobalSection
	GlobalSection(SolutionProperties) = preSolution
		HideSolutionNode = FALSE
	EndGlobalSection
	GlobalSection(ExtensibilityGlobals) = postSolution
		SolutionGuid = {78F0493E-0CC1-403F-810D-825A2DBFBD4D}
	EndGlobalSection
EndGlobal
